
Microsoft Visual Studio Solution File, Format Version 12.00
# Visual Studio Version 17
VisualStudioVersion = 17.3.32611.2
MinimumVisualStudioVersion = 10.0.40219.1
Project("{9A19103F-16F7-4668-BE54-9A1E7A4F7556}") = "Brewd.Server", "Brewd\Server\Brewd.Server.csproj", "{4795E1EE-BFC5-4D51-B538-255412883265}"
EndProject
Project("{9A19103F-16F7-4668-BE54-9A1E7A4F7556}") = "Brewd.Shared", "Brewd\Shared\Brewd.Shared.csproj", "{5212A5AE-51F0-4CF6-830E-60263E48B639}"
EndProject
Project("{9A19103F-16F7-4668-BE54-9A1E7A4F7556}") = "Brewd.Client", "Brewd\Client\Brewd.Client.csproj", "{9D9C442C-AF55-45FB-AE74-D4ABF3F813EA}"
EndProject
Global
	GlobalSection(SolutionConfigurationPlatforms) = preSolution
		Debug|Any CPU = Debug|Any CPU
		Release|Any CPU = Release|Any CPU
	EndGlobalSection
	GlobalSection(ProjectConfigurationPlatforms) = postSolution
		{4795E1EE-BFC5-4D51-B538-255412883265}.Debug|Any CPU.ActiveCfg = Debug|Any CPU
		{4795E1EE-BFC5-4D51-B538-255412883265}.Debug|Any CPU.Build.0 = Debug|Any CPU
		{4795E1EE-BFC5-4D51-B538-255412883265}.Release|Any CPU.ActiveCfg = Release|Any CPU
		{4795E1EE-BFC5-4D51-B538-255412883265}.Release|Any CPU.Build.0 = Release|Any CPU
		{5212A5AE-51F0-4CF6-830E-60263E48B639}.Debug|Any CPU.ActiveCfg = Debug|Any CPU
		{5212A5AE-51F0-4CF6-830E-60263E48B639}.Debug|Any CPU.Build.0 = Debug|Any CPU
		{5212A5AE-51F0-4CF6-830E-60263E48B639}.Release|Any CPU.ActiveCfg = Release|Any CPU
		{5212A5AE-51F0-4CF6-830E-60263E48B639}.Release|Any CPU.Build.0 = Release|Any CPU
		{9D9C442C-AF55-45FB-AE74-D4ABF3F813EA}.Debug|Any CPU.ActiveCfg = Debug|Any CPU
		{9D9C442C-AF55-45FB-AE74-D4ABF3F813EA}.Debug|Any CPU.Build.0 = Debug|Any CPU
		{9D9C442C-AF55-45FB-AE74-D4ABF3F813EA}.Release|Any CPU.ActiveCfg = Release|Any CPU
		{9D9C442C-AF55-45FB-AE74-D4ABF3F813EA}.Release|Any CPU.Build.0 = Release|Any CPU
	EndGlobalSection
	GlobalSection(SolutionProperties) = preSolution
		HideSolutionNode = FALSE
	EndGlobalSection
	GlobalSection(ExtensibilityGlobals) = postSolution
		SolutionGuid = {2C439044-5E8A-4ED9-AAA2-F6EA6391679E}
	EndGlobalSection
EndGlobal
